version = 1
revision = 3
requires-python = "==3.13.*"

[[package]]
name = "aiokafka"
version = "0.14.0"
source = { registry = "https://pypi.org/simple" }
dependencies = [
    { name = "async-timeout" },
    { name = "packaging" },
    { name = "typing-extensions" },
]
sdist = { url = "https://files.pythonhosted.org/packages/89/5f/dfc1180fd22d1acdc91949ec36e97199c43742dacb057cb8efed3679ed04/aiokafka-0.14.0.tar.gz", hash = "sha256:8ffdc945798ba4d3d132b705d4244d0a1f493925efb57c637a2ca88ee82794e1", size = 601374, upload-time = "2026-04-29T10:43:03.574Z" }
wheels = [
    { url = "https://files.pythonhosted.org/packages/30/b0/c9384541b2e4cc52a16402fc53fb9d44af0d78d37954cf8c7271c376ad47/aiokafka-0.14.0-cp313-cp313-macosx_10_13_x86_64.whl", hash = "sha256:db16e43fac4c1c5006131046c1bf370c580d6ac4495a10ac7778245710943179", size = 345859, upload-time = "2026-04-29T10:42:45.449Z" },
    { url = "https://files.pythonhosted.org/packages/7f/d1/fc266d9f4ffba4f197356c6ffdfbb0fe32e7cb874e240f299935d058ac06/aiokafka-0.14.0-cp313-cp313-macosx_11_0_arm64.whl", hash = "sha256:32a8e91d88cf3ccf0778927715610d6579888c5f4748db4c2022cda25d628a48", size = 348284, upload-time = "2026-04-29T10:42:47.104Z" },
    { url = "https://files.pythonhosted.org/packages/b2/8e/0c4c270786dac79f3fca74c6166c3a25b61b0d26132be0d69f0d7f206f0a/aiokafka-0.14.0-cp313-cp313-manylinux2014_aarch64.manylinux_2_17_aarch64.manylinux_2_28_aarch64.whl", hash = "sha256:aad4a575a506e7784e25e430f27026fe2f4378560b21b7f4e8c9a54f0d06eaee", size = 1117867, upload-time = "2026-04-29T10:42:48.394Z" },
    { url = "https://files.pythonhosted.org/packages/9d/7f/3b89fbd0a3be9edfd5b51e20bb5cd695c851219b63c501c051cf84367fa9/aiokafka-0.14.0-cp313-cp313-manylinux2014_x86_64.manylinux_2_17_x86_64.manylinux_2_28_x86_64.whl", hash = "sha256:75e4a003502c9c3b5c705fa7c00d634ba146bf38fa5d525b80bb6ff6e3e779fe", size = 1108860, upload-time = "2026-04-29T10:42:50.249Z" },
    { url = "https://files.pythonhosted.org/packages/b3/59/849aba75cff93277bf6bf8b630de79e902949ff7ec48e4b12a64e6e32cae/aiokafka-0.14.0-cp313-cp313-win32.whl", hash = "sha256:a128e213cbc2bce0ea3db65a68920e52cebeeb8209bf001ac7aa022a8bd54d7d", size = 310889, upload-time = "2026-04-29T10:42:52.038Z" },
    { url = "https://files.pythonhosted.org/packages/c4/e5/52eab8f8515d23da7b5d90e2c5ba10eab9494a0314f749e3f73e003f4a50/aiokafka-0.14.0-cp313-cp313-win_amd64.whl", hash = "sha256:d6fa16bef3544be87bd1a7a8317b9d85e3da59f3202326d9ff22735ed052746e", size = 329470, upload-time = "2026-04-29T10:42:53.536Z" },
]

[[package]]
name = "annotated-doc"
version = "0.0.5"
source = { registry = "https://pypi.org/simple" }
sdist = { url = "https://files.pythonhosted.org/packages/5a/8e/38aa427ed5402449e226975b649c5dc73ccadfefeb95e6aecb8f8ea4b6b6/annotated_doc-0.0.5.tar.gz", hash = "sha256:c7e58ce09192557605d8bbd92836d7e1d520ac9580096042c0bfd197efacf1bb", size = 10758, upload-time = "2026-07-28T13:50:58.129Z" }
wheels = [
    { url = "https://files.pythonhosted.org/packages/3e/30/e900b21425a860e195f32e37657aa1f7c7f2b1bfb26f03ca209b90933c06/annotated_doc-0.0.5-py3-none-any.whl", hash = "sha256:117bac03a25ede5df5440e855b32d556049ca169ead221505badf432fed4b101", size = 5302, upload-time = "2026-07-28T13:50:57.239Z" },
]

[[package]]
name = "annotated-types"
version = "0.8.0"
source = { registry = "https://pypi.org/simple" }
sdist = { url = "https://files.pythonhosted.org/packages/5f/56/a8120250d128bed162cd73c76d45f6ef9991f3e068f62a8ee060afa3104a/annotated_types-0.8.0.tar.gz", hash = "sha256:13b2beaad985e05e2d6407ee4c4f35590b11f8d693a258a561055cac8f64cab7", size = 15893, upload-time = "2026-07-23T20:16:13.995Z" }
wheels = [
    { url = "https://files.pythonhosted.org/packages/99/91/8acff4f5e50511b911bbccb72b8628a49c68ce14148cd9f6431094859a90/annotated_types-0.8.0-py3-none-any.whl", hash = "sha256:f072f4d804ea359e4eaf198b1af7a8b0943881a87f31bb764f8bf219bb9419e0", size = 13427, upload-time = "2026-07-23T20:16:12.938Z" },
]

[[package]]
name = "anyio"
version = "4.15.1"
source = { registry = "https://pypi.org/simple" }
dependencies = [
    { name = "idna" },
    { name = "typing-extensions" },
]
sdist = { url = "https://files.pythonhosted.org/packages/a9/d2/f4d173e22df740bc37b1db102b386ba719b66e95b0f0d751f556b387e6d2/anyio-4.15.1.tar.gz", hash = "sha256:9f28306018cbd6d329e64a36d58256edff76dd996fe423bc957326e578b82a94", size = 276966, upload-time = "2026-09-05T10:42:39.44Z" }
wheels = [
    { url = "https://files.pythonhosted.org/packages/12/b8/4bd346e22b28902df4d651910f5242c28d84e4a5c2435ca5c3f797ed7e2e/anyio-4.15.1-py3-none-any.whl", hash = "sha256:6152fdbbf9a77fdec97731721bebf7c4c44f7c29b424b0065826173efc7ed101", size = 132079, upload-time = "2026-09-05T10:42:37.923Z" },
]

[[package]]
name = "async-timeout"
version = "5.0.1"
source = { registry = "https://pypi.org/simple" }
sdist = { url = "https://files.pythonhosted.org/packages/a5/ae/136395dfbfe00dfc94da3f3e136d0b13f394cba8f4841120e34226265780/async_timeout-5.0.1.tar.gz", hash = "sha256:d9321a7a3d5a6a5e187e824d2fa0793ce379a202935782d555d6e9d2735677d3", size = 9274, upload-time = "2024-11-06T16:41:39.6Z" }
wheels = [
    { url = "https://files.pythonhosted.org/packages/fe/ba/e2081de779ca30d473f21f5b30e0e737c438205440784c7dfc81efc2b029/async_timeout-5.0.1-py3-none-any.whl", hash = "sha256:39e3809566ff85354557ec2398b55e096c8364bacac9405a7a1fa429e77fe76c", size = 6233, upload-time = "2024-11-06T16:41:37.9Z" },
]

[[package]]
name = "boiler-ops-agent"
version = "0.1.0"
source = { virtual = "." }
dependencies = [
    { name = "aiokafka" },
    { name = "fastapi" },
    { name = "python-dotenv" },
    { name = "uvicorn", extra = ["standard"] },
]

[package.metadata]
requires-dist = [
    { name = "aiokafka", specifier = ">=0.12,<1" },
    { name = "fastapi", specifier = ">=0.115,<1" },
    { name = "python-dotenv", specifier = ">=1.0,<2" },
    { name = "uvicorn", extras = ["standard"], specifier = ">=0.34,<1" },
]

[[package]]
name = "click"
version = "8.5.0"
source = { registry = "https://pypi.org/simple" }
sdist = { url = "https://files.pythonhosted.org/packages/c7/0e/7fa0ef50764b67090eca4114772a2abf8b6148198475e54c660b97caeee6/click-8.5.0.tar.gz", hash = "sha256:ba0d2089de75ea0310e2dde03160e6ca10009947fb95a182f9b54021bb272e34", size = 382235, upload-time = "2026-08-26T13:33:14.56Z" }
wheels = [
    { url = "https://files.pythonhosted.org/packages/58/50/6c0d534c5f134586a8e1ba4e330569e32f057e33372ae556463212fb4cd3/click-8.5.0-py3-none-any.whl", hash = "sha256:255bc9599cf7748b4b1a446ccc735421bd08a2ae529a8b88597d3de5664ee360", size = 125251, upload-time = "2026-08-26T13:33:12.928Z" },
]

[[package]]
name = "fastapi"
version = "0.142.2"
source = { registry = "https://pypi.org/simple" }
dependencies = [
    { name = "annotated-doc" },
    { name = "opentelemetry-api" },
    { name = "pydantic" },
    { name = "starlette" },
    { name = "typing-extensions" },
    { name = "typing-inspection" },
]
sdist = { url = "https://files.pythonhosted.org/packages/56/4f/f7c30a73127e0a8bbffe788369b8359e530b01ae06e2757936fa35bc5e6d/fastapi-0.142.2.tar.gz", hash = "sha256:06366626f2e70576367714d9ab2fe8472e6c8456dba69b399f9f797ab5e92570", size = 466721, upload-time = "2026-09-30T09:51:11.277Z" }
wheels = [
    { url = "https://files.pythonhosted.org/packages/a0/b6/78aaf9141fb46742928c113f3cf6ef2259d538cb02b604b7656c1dc9883c/fastapi-0.142.2-py3-none-any.whl", hash = "sha256:bd5f4d81f1e93a88bcd77caf4dfe3c2dbffc3805407a0007e9a114c18b3a670b", size = 144409, upload-time = "2026-09-30T09:51:09.8Z" },
]

[[package]]
name = "h11"
version = "0.16.0"
source = { registry = "https://pypi.org/simple" }
sdist = { url = "https://files.pythonhosted.org/packages/01/ee/02a2c011bdab74c6fb3c75474d40b3052059d95df7e73351460c8588d963/h11-0.16.0.tar.gz", hash = "sha256:4e35b956cf45792e4caa5885e69fba00bdbc6ffafbfa020300e549b208ee5ff1", size = 101250, upload-time = "2025-04-24T03:35:25.427Z" }
wheels = [
    { url = "https://files.pythonhosted.org/packages/04/4b/29cac41a4d98d144bf5f6d33995617b185d14b22401f75ca86f384e87ff1/h11-0.16.0-py3-none-any.whl", hash = "sha256:63cf8bbe7522de3bf65932fda1d9c2772064ffb3dae62d55932da54b31cb6c86", size = 37515, upload-time = "2025-04-24T03:35:24.344Z" },
]

[[package]]
name = "httptools"
version = "0.8.0"
source = { registry = "https://pypi.org/simple" }
sdist = { url = "https://files.pythonhosted.org/packages/43/e5/d471fcb0e14523fe1c3f4ba58ca52480e7bd70ad7109a3846bc75892f7fb/httptools-0.8.0.tar.gz", hash = "sha256:6b2a32f18d97e16e90827d7a819ffa8dbd8cc245fc4e1fa9d1095b54ef4bd999", size = 271342, upload-time = "2026-05-25T22:17:48.841Z" }
wheels = [
    { url = "https://files.pythonhosted.org/packages/5e/e5/8cfcabc5546e8022f168be28bcdaa128a240a0befdd03b59d558b4f18bd6/httptools-0.8.0-cp313-cp313-macosx_10_13_universal2.whl", hash = "sha256:614ceea8ea606848bece2338ac03b3ce5324bcb4be8dc7d377ed708012fa4db8", size = 205148, upload-time = "2026-05-25T22:17:16.333Z" },
    { url = "https://files.pythonhosted.org/packages/2a/0e/0fb14848c19a686c8062ff9067c1a48793e3224b47bc5b201535b6036fce/httptools-0.8.0-cp313-cp313-macosx_11_0_arm64.whl", hash = "sha256:2d689918c15a013c65ef52d9fd495d766893ab831a2c8d89f2ac5940a5df847c", size = 111368, upload-time = "2026-05-25T22:17:17.586Z" },
    { url = "https://files.pythonhosted.org/packages/2e/1b/46f1cecf06b9bbde8e4b8c88034ac7908989e5ff7a3a388ef38392949c1f/httptools-0.8.0-cp313-cp313-manylinux1_x86_64.manylinux_2_28_x86_64.manylinux_2_5_x86_64.whl", hash = "sha256:eb3028cca2fc0a6d720e52ef61d8ebb62fcbfeb1de56874546d858d3f25a26b7", size = 486447, upload-time = "2026-05-25T22:17:18.564Z" },
    { url = "https://files.pythonhosted.org/packages/77/00/258bfc0837221f81d9725c45f9b948a6a6b2994a147a4fb66e85100c668f/httptools-0.8.0-cp313-cp313-manylinux2014_aarch64.manylinux_2_17_aarch64.manylinux_2_28_aarch64.whl", hash = "sha256:88bdd940f2b5d487b4d032c6afa5489a7dc4694410d43de3c38c4fb3af0dc45d", size = 482448, upload-time = "2026-05-25T22:17:19.912Z" },
    { url = "https://files.pythonhosted.org/packages/04/ab/d1cef3b5523f4d272a70f42a776c3169a2dddfe3a54de4b2ce4a36341528/httptools-0.8.0-cp313-cp313-musllinux_1_2_aarch64.whl", hash = "sha256:6a43c9dd399758ccc0531acb0a3c4a6c299ee893ee9400e9c893b7bdcfae0681", size = 464460, upload-time = "2026-05-25T22:17:20.882Z" },
    { url = "https://files.pythonhosted.org/packages/ce/48/5d1d072442277bb2b3434e0e60690b8e8c23840ef7de8b6ea54040a536d3/httptools-0.8.0-cp313-cp313-musllinux_1_2_x86_64.whl", hash = "sha256:0770728beb05094c809b98e814edff5fef69d26ad7d21185f2f6d5884a0ba683", size = 471312, upload-time = "2026-05-25T22:17:22.085Z" },
    { url = "https://files.pythonhosted.org/packages/0d/66/b96623b27e51a68199ef4efdda0613cced9233fe3062ac74e50749c5ad37/httptools-0.8.0-cp313-cp313-win_amd64.whl", hash = "sha256:7685df791fad561384bfb139e77fde27a1ffd93134e016f95a0db424ffbf77b1", size = 90117, upload-time = "2026-05-25T22:17:23.074Z" },
]

[[package]]
name = "idna"
version = "3.20"
source = { registry = "https://pypi.org/simple" }
sdist = { url = "https://files.pythonhosted.org/packages/f5/08/8eea9d4b8302028f3abb2c0813953f7aec26d33b7a8960ed760e65ff29fa/idna-3.20.tar.gz", hash = "sha256:a7db850025b95ded1eae8a46181a1a6c56c92c96f0e2b005d9ff8dc0210cab44", size = 216463, upload-time = "2026-09-17T14:11:04.752Z" }
wheels = [
    { url = "https://files.pythonhosted.org/packages/58/a2/bb081bab032533a855d44de1d56f8e8426114ff1ba5d1f07a438a0a654f8/idna-3.20-py3-none-any.whl", hash = "sha256:ab7ae7122974553370f0bdb919e1a960b2cd1bc1ef0276416d896db81c14582c", size = 69583, upload-time = "2026-09-17T14:11:03.168Z" },
]

[[package]]
name = "opentelemetry-api"
version = "1.45.0"
source = { registry = "https://pypi.org/simple" }
dependencies = [
    { name = "typing-extensions" },
]
sdist = { url = "https://files.pythonhosted.org/packages/1f/dc/e12c1fe1ed8a7b7149777127b1a0e12ce5bd5a81d97408bedc2128c260f5/opentelemetry_api-1.45.0.tar.gz", hash = "sha256:711ede81773c8025c2c03dac0450bc89f3d30aea6eabcc815c570d4e35a963f7", size = 72115, upload-time = "2026-09-25T12:32:28.399Z" }
wheels = [
    { url = "https://files.pythonhosted.org/packages/44/b9/040d1a1c7836922828e6480cd2366bb8fe0ebf75b413d2bb51a9b0e7f78f/opentelemetry_api-1.45.0-py3-none-any.whl", hash = "sha256:80e068aba7cd56c8b58512d6a36f8d25cb1dfaa0c0a4cc1c938ccf9f362d9cb3", size = 60020, upload-time = "2026-09-25T12:32:03.192Z" },
]

[[package]]
name = "packaging"
version = "26.3"
source = { registry = "https://pypi.org/simple" }
sdist = { url = "https://files.pythonhosted.org/packages/7d/fa/3944b40b07da9ce895c0e6303a5ab7d53da063554f534556b134a54d6093/packaging-26.3.tar.gz", hash = "sha256:94edc256424af38762eb31306eed28beb9f0efc50a8837492c9d6fd6004aed79", size = 313412, upload-time = "2026-08-04T18:15:28.737Z" }
wheels = [
    { url = "https://files.pythonhosted.org/packages/63/34/ba1c580383c9eada3711951fef0795c80b829a078d72188184bcab9dd527/packaging-26.3-py3-none-any.whl", hash = "sha256:d7193f7c8e4e93f444fde0262bf90af30e16fa0ad0ad44cb553c87339b23cd1c", size = 129956, upload-time = "2026-08-04T18:15:27.159Z" },
]

[[package]]
name = "pydantic"
version = "2.13.5"
source = { registry = "https://pypi.org/simple" }
dependencies = [
    { name = "annotated-types" },
    { name = "pydantic-core" },
    { name = "typing-extensions" },
    { name = "typing-inspection" },
]
sdist = { url = "https://files.pythonhosted.org/packages/53/ef/fc4f868f4e2cee79f863883abffceff107875f569b848507319842d2a681/pydantic-2.13.5.tar.gz", hash = "sha256:51a9c5f7b2f8e636f04c6cada605d9b6a3bf1348fdf945a3d8869b19bba0ee08", size = 845750, upload-time = "2026-08-28T14:04:00.916Z" }
wheels = [
    { url = "https://files.pythonhosted.org/packages/eb/47/c95ffc2009878c7aac0c5e08528022dcb885933252a88b5f170058014464/pydantic-2.13.5-py3-none-any.whl", hash = "sha256:346a034f080da3755d8e9cb5e00e8b07de1d39e4f6e2c87d8ab7cafa0b269a73", size = 472589, upload-time = "2026-08-28T14:03:59.136Z" },
]

[[package]]
name = "pydantic-core"
version = "2.46.5"
source = { registry = "https://pypi.org/simple" }
dependencies = [
    { name = "typing-extensions" },
]
sdist = { url = "https://files.pythonhosted.org/packages/af/f9/8a06bea35ef8daf588f707784c973a7046e0034c8d8cfb08828eeffb8b75/pydantic_core-2.46.5.tar.gz", hash = "sha256:10416c15b8839ecc4ef4d0885da76da6fd0f67333a0eb8aff6d93c4b8f2910fc", size = 472262, upload-time = "2026-08-28T10:01:31.677Z" }
wheels = [
    { url = "https://files.pythonhosted.org/packages/f5/37/5abe39a8372a61d3dc3c1338fc504281c01b32fdb3169cd7187153b56d3e/pydantic_core-2.46.5-cp313-cp313-macosx_10_12_x86_64.whl", hash = "sha256:b7ca9034437b6022f941f4857459562ee00a560b97e7cce8a0ec5a74fc6766e0", size = 2075885, upload-time = "2026-08-28T09:58:47.856Z" },
    { url = "https://files.pythonhosted.org/packages/21/43/6323b1f8b217780454c61304bcd2b38ae4762f50754414124603ccc90bb2/pydantic_core-2.46.5-cp313-cp313-macosx_11_0_arm64.whl", hash = "sha256:f332f0e72a5a0400141f830744e141bf9f97917878dbe968669e8a7fefea78ff", size = 1922768, upload-time = "2026-08-28T09:58:49.58Z" },
    { url = "https://files.pythonhosted.org/packages/0f/a3/c05ca796e1197618a774b01e596aeedfefc2f7d8c01ae3054e910b120e8a/pydantic_core-2.46.5-cp313-cp313-manylinux_2_17_aarch64.manylinux2014_aarch64.whl", hash = "sha256:193375f3548919d3f0b60936ca113ada3e38f264f91b9b8e0508efaad57be931", size = 1951241, upload-time = "2026-08-28T09:58:51.511Z" },
    { url = "https://files.pythonhosted.org/packages/68/32/33bc39ac705c52cffc908e8389f9754fdb208aea5c69cceddf4eb3ce99af/pydantic_core-2.46.5-cp313-cp313-manylinux_2_17_armv7l.manylinux2014_armv7l.whl", hash = "sha256:79bdfa52f843137045b2d081cc05c120ba6665d29b7559c2c47690906f39279f", size = 2031975, upload-time = "2026-08-28T09:58:53.166Z" },
    { url = "https://files.pythonhosted.org/packages/b0/70/2333e885c0f6a67bc105c5916965dac9b57f2718ee20d81d1a06a4ebdc13/pydantic_core-2.46.5-cp313-cp313-manylinux_2_17_ppc64le.manylinux2014_ppc64le.whl", hash = "sha256:24922243639cbdac66c75fcb6fd6495a9cb52b213d62f9a0d16f0310b1ff8038", size = 2208542, upload-time = "2026-08-28T09:58:55.017Z" },
    { url = "https://files.pythonhosted.org/packages/f7/ea/296debfb4264207bbda5936133892e027c0a58875ad53ebd512fba8ec3a2/pydantic_core-2.46.5-cp313-cp313-manylinux_2_17_s390x.manylinux2014_s390x.whl", hash = "sha256:c76fe65e607be28c7fd4d56fc3c42b1583aa058ce3408b7ad0fd540171d31f9f", size = 2264692, upload-time = "2026-08-28T09:58:56.767Z" },
    { url = "https://files.pythonhosted.org/packages/d3/f2/9e4de77a6271e07a76d2d58b11c091a979c191ed2939bf80067568b369d2/pydantic_core-2.46.5-cp313-cp313-manylinux_2_17_x86_64.manylinux2014_x86_64.whl", hash = "sha256:6f7b393a8b3da82f5c1fc0751e6d01ac6c55b93c18226a60bdfba4a724efafd1", size = 2066633, upload-time = "2026-08-28T09:58:58.531Z" },
    { url = "https://files.pythonhosted.org/packages/8d/db/f9e9d0c97445987b2084823d5c240de88087338f04fc2cfaa2df186b8049/pydantic_core-2.46.5-cp313-cp313-manylinux_2_31_riscv64.whl", hash = "sha256:7ac031912d54f3d83ef3b3eb98dfabc1608802e2202263d25957eeed40b94761", size = 2105235, upload-time = "2026-08-28T09:59:00.421Z" },
    { url = "https://files.pythonhosted.org/packages/07/c5/79169b047b3b2c3e99e04bc76372af9637e0bf6db638274fa927df96369e/pydantic_core-2.46.5-cp313-cp313-manylinux_2_5_i686.manylinux1_i686.whl", hash = "sha256:837b396ca3d7b74091ca623f6cbd8351bd42d670a79c2683e79fb089f06a2de5", size = 2157367, upload-time = "2026-08-28T09:59:02.442Z" },
    { url = "https://files.pythonhosted.org/packages/26/b5/ba6057afb7c291bd449f51b867f95aef2072941c4ce4e5c31d6ffd132d3b/pydantic_core-2.46.5-cp313-cp313-musllinux_1_1_aarch64.whl", hash = "sha256:5ee239d575f80b08eca11f6e20f90c4c695de7825c67eefe6091fbf20dda648e", size = 2158420, upload-time = "2026-08-28T09:59:04.2Z" },
    { url = "https://files.pythonhosted.org/packages/6e/28/2057abecaafdc22912afa819603a51f0a62d40643b7c4871c51721fea9be/pydantic_core-2.46.5-cp313-cp313-musllinux_1_1_armv7l.whl", hash = "sha256:e80675d75ae2cd14372cb65cad5400d9347a3d3f6c13000183f22dfd027283ed", size = 2309588, upload-time = "2026-08-28T09:59:06.048Z" },
    { url = "https://files.pythonhosted.org/packages/71/9d/881156dc404e27479c4246128d73538464cab4a239bec61995e227644c30/pydantic_core-2.46.5-cp313-cp313-musllinux_1_1_x86_64.whl", hash = "sha256:9c4b71f10dd532fb7a5cbc8f58707779e64f03a258c2bf8bfbaecfcd9970b519", size = 2341866, upload-time = "2026-08-28T09:59:08.539Z" },
    { url = "https://files.pythonhosted.org/packages/5a/38/d66f443a259f84d13babdceae568e572b0ed26da17ca5d0a649ebb110a67/pydantic_core-2.46.5-cp313-cp313-win32.whl", hash = "sha256:97bf8de4d541598c94a59344eeb988a94c08ff76b5723c41f6567ec18c7892ea", size = 1938580, upload-time = "2026-08-28T09:59:10.402Z" },
    { url = "https://files.pythonhosted.org/packages/2c/1e/1d5371213f4cc9a7ed70c0bfcc7911de22311ee99a662a56077d7292d2ac/pydantic_core-2.46.5-cp313-cp313-win_amd64.whl", hash = "sha256:15f4a94963c95accac15b7b657bb177d3ad82bb90b0d0526d9a9b85079925db5", size = 2041980, upload-time = "2026-08-28T09:59:12.396Z" },
    { url = "https://files.pythonhosted.org/packages/5a/48/4222d90b1c67568bace4dec6dca6271449c66de3595d72b6d098f5fde597/pydantic_core-2.46.5-cp313-cp313-win_arm64.whl", hash = "sha256:d22a945598fb91236b4dd793a6e42e4f3dd7740bb5aace5ebd7d4c08d13bb575", size = 1997213, upload-time = "2026-08-28T09:59:14.245Z" },
]

[[package]]
name = "python-dotenv"
version = "1.2.4"
source = { registry = "https://pypi.org/simple" }
sdist = { url = "https://files.pythonhosted.org/packages/74/26/2fbeedb218a787a5eea551c7532cac4e009f83d689dd2faa0d0353473f86/python_dotenv-1.2.4.tar.gz", hash = "sha256:f0d53e69935a851c0dcc78f3ab7aaccd8cabef0b92382b576b824212902873c0", size = 60824, upload-time = "2026-10-01T05:36:10Z" }
wheels = [
    { url = "https://files.pythonhosted.org/packages/60/d1/38f3a3405989a89ac18390803e70c6ad7c7760da4f9b83cbeca0c44a0c72/python_dotenv-1.2.4-py3-none-any.whl", hash = "sha256:42269a8a5b3fd54ffa6f3d84b18abed50064717576b4ecf03dc4a55d8aa04fdc", size = 23266, upload-time = "2026-10-01T05:36:08.633Z" },
]

[[package]]
name = "pyyaml"
version = "6.0.3"
source = { registry = "https://pypi.org/simple" }
sdist = { url = "https://files.pythonhosted.org/packages/05/8e/961c0007c59b8dd7729d542c61a4d537767a59645b82a0b521206e1e25c2/pyyaml-6.0.3.tar.gz", hash = "sha256:d76623373421df22fb4cf8817020cbb7ef15c725b9d5e45f17e189bfc384190f", size = 130960, upload-time = "2025-09-25T21:33:16.546Z" }
wheels = [
    { url = "https://files.pythonhosted.org/packages/d1/11/0fd08f8192109f7169db964b5707a2f1e8b745d4e239b784a5a1dd80d1db/pyyaml-6.0.3-cp313-cp313-macosx_10_13_x86_64.whl", hash = "sha256:8da9669d359f02c0b91ccc01cac4a67f16afec0dac22c2ad09f46bee0697eba8", size = 181669, upload-time = "2025-09-25T21:32:23.673Z" },
    { url = "https://files.pythonhosted.org/packages/b1/16/95309993f1d3748cd644e02e38b75d50cbc0d9561d21f390a76242ce073f/pyyaml-6.0.3-cp313-cp313-macosx_11_0_arm64.whl", hash = "sha256:2283a07e2c21a2aa78d9c4442724ec1eb15f5e42a723b99cb3d822d48f5f7ad1", size = 173252, upload-time = "2025-09-25T21:32:25.149Z" },
    { url = "https://files.pythonhosted.org/packages/50/31/b20f376d3f810b9b2371e72ef5adb33879b25edb7a6d072cb7ca0c486398/pyyaml-6.0.3-cp313-cp313-manylinux2014_aarch64.manylinux_2_17_aarch64.manylinux_2_28_aarch64.whl", hash = "sha256:ee2922902c45ae8ccada2c5b501ab86c36525b883eff4255313a253a3160861c", size = 767081, upload-time = "2025-09-25T21:32:26.575Z" },
    { url = "https://files.pythonhosted.org/packages/49/1e/a55ca81e949270d5d4432fbbd19dfea5321eda7c41a849d443dc92fd1ff7/pyyaml-6.0.3-cp313-cp313-manylinux2014_s390x.manylinux_2_17_s390x.manylinux_2_28_s390x.whl", hash = "sha256:a33284e20b78bd4a18c8c2282d549d10bc8408a2a7ff57653c0cf0b9be0afce5", size = 841159, upload-time = "2025-09-25T21:32:27.727Z" },
    { url = "https://files.pythonhosted.org/packages/74/27/e5b8f34d02d9995b80abcef563ea1f8b56d20134d8f4e5e81733b1feceb2/pyyaml-6.0.3-cp313-cp313-manylinux2014_x86_64.manylinux_2_17_x86_64.manylinux_2_28_x86_64.whl", hash = "sha256:0f29edc409a6392443abf94b9cf89ce99889a1dd5376d94316ae5145dfedd5d6", size = 801626, upload-time = "2025-09-25T21:32:28.878Z" },
    { url = "https://files.pythonhosted.org/packages/f9/11/ba845c23988798f40e52ba45f34849aa8a1f2d4af4b798588010792ebad6/pyyaml-6.0.3-cp313-cp313-musllinux_1_2_aarch64.whl", hash = "sha256:f7057c9a337546edc7973c0d3ba84ddcdf0daa14533c2065749c9075001090e6", size = 753613, upload-time = "2025-09-25T21:32:30.178Z" },
    { url = "https://files.pythonhosted.org/packages/3d/e0/7966e1a7bfc0a45bf0a7fb6b98ea03fc9b8d84fa7f2229e9659680b69ee3/pyyaml-6.0.3-cp313-cp313-musllinux_1_2_x86_64.whl", hash = "sha256:eda16858a3cab07b80edaf74336ece1f986ba330fdb8ee0d6c0d68fe82bc96be", size = 794115, upload-time = "2025-09-25T21:32:31.353Z" },
    { url = "https://files.pythonhosted.org/packages/de/94/980b50a6531b3019e45ddeada0626d45fa85cbe22300844a7983285bed3b/pyyaml-6.0.3-cp313-cp313-win32.whl", hash = "sha256:d0eae10f8159e8fdad514efdc92d74fd8d682c933a6dd088030f3834bc8e6b26", size = 137427, upload-time = "2025-09-25T21:32:32.58Z" },
    { url = "https://files.pythonhosted.org/packages/97/c9/39d5b874e8b28845e4ec2202b5da735d0199dbe5b8fb85f91398814a9a46/pyyaml-6.0.3-cp313-cp313-win_amd64.whl", hash = "sha256:79005a0d97d5ddabfeeea4cf676af11e647e41d81c9a7722a193022accdb6b7c", size = 154090, upload-time = "2025-09-25T21:32:33.659Z" },
    { url = "https://files.pythonhosted.org/packages/73/e8/2bdf3ca2090f68bb3d75b44da7bbc71843b19c9f2b9cb9b0f4ab7a5a4329/pyyaml-6.0.3-cp313-cp313-win_arm64.whl", hash = "sha256:5498cd1645aa724a7c71c8f378eb29ebe23da2fc0d7a08071d89469bf1d2defb", size = 140246, upload-time = "2025-09-25T21:32:34.663Z" },
]

[[package]]
name = "starlette"
version = "1.7.0"
source = { registry = "https://pypi.org/simple" }
dependencies = [
    { name = "anyio" },
]
sdist = { url = "https://files.pythonhosted.org/packages/7b/2b/3850dc6bf7ef71b088962eba31dafc6cffd2f96e577ebb0bb316df96da3e/starlette-1.7.0.tar.gz", hash = "sha256:c79f74ea63cff761804fbbfb182f1e0b440c2d07b164d24700c5a1bab5d6ff5d", size = 2736246, upload-time = "2026-09-23T07:30:26.35Z" }
wheels = [
    { url = "https://files.pythonhosted.org/packages/4e/d6/1ec1b290f9e0fb067899b61e1d37a30c923068bad260b216dbe37a7d2967/starlette-1.7.0-py3-none-any.whl", hash = "sha256:67f8e99895493dd2911a03f11314af6ceebeae4e704bb9f43dfc6a9db151c93e", size = 78980, upload-time = "2026-09-23T07:30:24.567Z" },
]

[[package]]
name = "typing-extensions"
version = "4.16.0"
source = { registry = "https://pypi.org/simple" }
sdist = { url = "https://files.pythonhosted.org/packages/f6/cc/6253133b5bb138fc3306cebfbda2c520f545d36b5be2c7255cc528bb45d6/typing_extensions-4.16.0.tar.gz", hash = "sha256:dc983d19a509c94dba722ee6abd33940f7c05a89e243c47e907eb4db6f1a43e5", size = 113555, upload-time = "2026-07-02T08:40:05.92Z" }
wheels = [
    { url = "https://files.pythonhosted.org/packages/49/d3/b8441a820a491ddfc024b0b0cf0393375b75ea13866d9c66727e54c2fc80/typing_extensions-4.16.0-py3-none-any.whl", hash = "sha256:481caa481374e813c1b176ada14e97f1f67a4539ce9cfeb3f350d78d6370c2e8", size = 45571, upload-time = "2026-07-02T08:40:04.659Z" },
]

[[package]]
name = "typing-inspection"
version = "0.4.4"
source = { registry = "https://pypi.org/simple" }
dependencies = [
    { name = "typing-extensions" },
]
sdist = { url = "https://files.pythonhosted.org/packages/a3/26/b09b8010994eccc3c09092e6b34058f36a460eea2d4c3e8b910c695975a0/typing_inspection-0.4.4.tar.gz", hash = "sha256:547274fa6b0a561ccf549cc9524b999a578e737d015d8709d021f9d0d13bea47", size = 76928, upload-time = "2026-08-12T12:37:25.997Z" }
wheels = [
    { url = "https://files.pythonhosted.org/packages/67/81/4add07e5172b7ac40d8ed5ff580409a7801a4fe26d529bdd915401dabfbe/typing_inspection-0.4.4-py3-none-any.whl", hash = "sha256:65b8397ba37ccbce054456aaccddfc91e6e3083c92824df348d96ca832f3f147", size = 14750, upload-time = "2026-08-12T12:37:24.648Z" },
]

[[package]]
name = "uvicorn"
version = "0.54.0"
source = { registry = "https://pypi.org/simple" }
dependencies = [
    { name = "click" },
    { name = "h11" },
]
sdist = { url = "https://files.pythonhosted.org/packages/da/34/30e9280707135d2cfc589dfff3cb796bd07a3aeb1a3e415ba09dd89d7bb4/uvicorn-0.54.0.tar.gz", hash = "sha256:a2e33cbfaa0306f8e6b0c13e0cb89d7d7a2da3e62b90c66e18c33d9807b28620", size = 112283, upload-time = "2026-09-25T06:52:37.601Z" }
wheels = [
    { url = "https://files.pythonhosted.org/packages/38/0c/b54a4fdd7f90a3af8b02ebc9ce6712c2c208b7926a2f7bad95c33ebbe943/uvicorn-0.54.0-py3-none-any.whl", hash = "sha256:505bdb0f318731d45f1f712071fc781a8981f6847a31c902c9f5e652d4f67faf", size = 87427, upload-time = "2026-09-25T06:52:35.829Z" },
]

[package.optional-dependencies]
standard = [
    { name = "httptools" },
    { name = "python-dotenv" },
    { name = "pyyaml" },
    { name = "uvloop", marker = "platform_python_implementation != 'PyPy' and sys_platform != 'cygwin' and sys_platform != 'win32'" },
    { name = "watchfiles" },
    { name = "websockets" },
]

[[package]]
name = "uvloop"
version = "0.23.0"
source = { registry = "https://pypi.org/simple" }
sdist = { url = "https://files.pythonhosted.org/packages/fa/42/02c739ce85fb2ee8d99212c61417da8140c6b87e9d97c430bea520d76044/uvloop-0.23.0.tar.gz", hash = "sha256:28d160f51ab4da3b187063652e643dea6831072add4adc1e6d62afbe73b6be27", size = 2559185, upload-time = "2026-10-01T03:17:04.4Z" }
wheels = [
    { url = "https://files.pythonhosted.org/packages/5f/83/eb980d64e6dd5da46d4dc35755fa6afd6b5b47141437cf89615f1117c5a6/uvloop-0.23.0-cp313-cp313-macosx_10_13_universal2.whl", hash = "sha256:2dcff2d69be43e6559e5dad2c5a7a2dbfb60e05a77311b6c4b7a4a8123d86c65", size = 1412726, upload-time = "2026-10-01T03:15:52.49Z" },
    { url = "https://files.pythonhosted.org/packages/04/c1/02a725e7698134c647904bdee6589e2be14a0e7fc9942c74f86e2b90d48b/uvloop-0.23.0-cp313-cp313-macosx_10_13_x86_64.whl", hash = "sha256:19c64108b507cd0bc140e400e3396bacebd9d504956aa7726272bf6de7d9aabb", size = 779071, upload-time = "2026-10-01T03:15:54.02Z" },
    { url = "https://files.pythonhosted.org/packages/0b/1d/cde53c79e8c01884ad1cdca8e407e086d523362cfe4139e2c2a8dde27304/uvloop-0.23.0-cp313-cp313-manylinux2014_aarch64.manylinux_2_17_aarch64.manylinux_2_28_aarch64.whl", hash = "sha256:1748321e3c59a14a75404b1ae8d5a8d81c4e201803ea0e14c1b6fd84421024b5", size = 4395323, upload-time = "2026-10-01T03:15:55.549Z" },
    { url = "https://files.pythonhosted.org/packages/98/54/b12915bebbf99d7ae0796211e7f5977b95f069830dca45dc1a346d84125d/uvloop-0.23.0-cp313-cp313-manylinux2014_x86_64.manylinux_2_17_x86_64.manylinux_2_28_x86_64.whl", hash = "sha256:e2cba180d6451822763eda8364f342435a873bcfb3849cbd82fdeca248ca65eb", size = 4480449, upload-time = "2026-10-01T03:15:57.362Z" },
    { url = "https://files.pythonhosted.org/packages/f7/8e/da6de68c31549a052a105fc76f5a9a204f6df22cb0909440aa4dbb06f9a2/uvloop-0.23.0-cp313-cp313-musllinux_1_2_aarch64.whl", hash = "sha256:dc61e4f9e37b507069dc7e659ae28bca7adcb04c993c3508214315d12c63f848", size = 4219177, upload-time = "2026-10-01T03:15:59.351Z" },
    { url = "https://files.pythonhosted.org/packages/a1/c3/1b53c6a89dc9c9d5cb75eb9a0b891ad69b32e1421ad3aa01617a9cbdcc78/uvloop-0.23.0-cp313-cp313-musllinux_1_2_x86_64.whl", hash = "sha256:7337b06a9f9ed9ea3049f04b76f65819db9b19bb832ee598e97b388eadf25e5f", size = 4346132, upload-time = "2026-10-01T03:16:01.064Z" },
]

[[package]]
name = "watchfiles"
version = "1.3.0"
source = { registry = "https://pypi.org/simple" }
dependencies = [
    { name = "anyio" },
]
sdist = { url = "https://files.pythonhosted.org/packages/b3/68/e6aa0b77d217b31f8f486ec0cdfe5e00e6e38dc0be657e7d85819b9faf0a/watchfiles-1.3.0.tar.gz", hash = "sha256:99aee4a07847c06820765fd7b1b49ceac4f3f711ccb7d104655a33231de1c207", size = 108119, upload-time = "2026-09-21T09:08:55.664Z" }
wheels = [
    { url = "https://files.pythonhosted.org/packages/68/fa/c0b840d5d8bafe640925408ce11095948c8945bb61be1e67d0ab629b872a/watchfiles-1.3.0-cp310-abi3-macosx_10_12_x86_64.whl", hash = "sha256:000b9688fc8133037a8b075c8ebf98f32844ff8964dda61e85c1db547dafc441", size = 399703, upload-time = "2026-09-21T09:08:13.518Z" },
    { url = "https://files.pythonhosted.org/packages/c7/8a/894799b485fe9473ad10422a0d9668e53fb78e3a2b5cc6061159572844ad/watchfiles-1.3.0-cp310-abi3-macosx_11_0_arm64.whl", hash = "sha256:bbc1198edfdc90fda0600f825aa94150f428dfcbf8138746f55998e0e660d64c", size = 397647, upload-time = "2026-09-21T09:08:15.16Z" },
    { url = "https://files.pythonhosted.org/packages/5a/61/f277cd5ead05f5d37b98b41fbdd0c943ee0c04d49738f62e902cb291cf43/watchfiles-1.3.0-cp310-abi3-manylinux_2_17_aarch64.manylinux2014_aarch64.whl", hash = "sha256:4af9c464d410e8c44b58ddf1cbec7c3a02c1cb2c6c80df9c74659ba2fbda0ab5", size = 454994, upload-time = "2026-09-21T09:08:16.587Z" },
    { url = "https://files.pythonhosted.org/packages/46/66/ea4c01382975e53b1ac1b0a0ea1b353416b8127fb6e04f5c1c313119aab6/watchfiles-1.3.0-cp310-abi3-manylinux_2_17_armv7l.manylinux2014_armv7l.whl", hash = "sha256:eb94e40b9a0db19636b5e3fed0a9803452ecc7381df13b385272abb779ee83ca", size = 460105, upload-time = "2026-09-21T09:08:17.961Z" },
    { url = "https://files.pythonhosted.org/packages/31/c3/1a501b597817096c9831c255f6270c124ce0e2faeb74124be24dcc93b86d/watchfiles-1.3.0-cp310-abi3-manylinux_2_17_i686.manylinux2014_i686.whl", hash = "sha256:7398930a2b76b9dc67a4e6b8bfc7baf30946892a86f417a3920c07bdd6febc30", size = 493761, upload-time = "2026-09-21T09:08:19.327Z" },
    { url = "https://files.pythonhosted.org/packages/5a/16/77352d05e152c7786a016e9f1decdb4507e8aa5bcf3343c72142a0413d14/watchfiles-1.3.0-cp310-abi3-manylinux_2_17_ppc64le.manylinux2014_ppc64le.whl", hash = "sha256:025b108f2d5cc2799cb941f79380df3e8b22bfb589c218e801767fe78d598c95", size = 577500, upload-time = "2026-09-21T09:08:20.723Z" },
    { url = "https://files.pythonhosted.org/packages/95/fe/81001c55b24466fe9911135e50269fd3a29f43e446627a92adfab54553b6/watchfiles-1.3.0-cp310-abi3-manylinux_2_17_s390x.manylinux2014_s390x.whl", hash = "sha256:be9ef3cd403d756a304a0a08a112163c63da7ec72c8c9d083c98818291ff8f29", size = 469209, upload-time = "2026-09-21T09:08:22.346Z" },
    { url = "https://files.pythonhosted.org/packages/8a/cf/e3ad894ed5909a7c44b0707e89bc25d19a3d78b3a7aec846119443b6ae56/watchfiles-1.3.0-cp310-abi3-manylinux_2_17_x86_64.manylinux2014_x86_64.whl", hash = "sha256:b5768b49e426fd5b550b012c866db347cdf15c398ef98dc557b6e6b72fa74cd1", size = 458353, upload-time = "2026-09-21T09:08:23.7Z" },
    { url = "https://files.pythonhosted.org/packages/7f/f5/2f106829e6e2bc91ad74614730f6df484202b9a4d20d927dbf2f08d37d44/watchfiles-1.3.0-cp310-abi3-manylinux_2_31_riscv64.whl", hash = "sha256:d36c72fcdc08f143d87316a4c4c3b064e340da2c7383d39803950740ed418935", size = 468707, upload-time = "2026-09-21T09:08:25.167Z" },
    { url = "https://files.pythonhosted.org/packages/15/37/2741ab776b978669c1f3bba1e573f1a184f727ab8b4d3a6d9c61090800ed/watchfiles-1.3.0-cp310-abi3-musllinux_1_1_aarch64.whl", hash = "sha256:f0c9865240e065a2247f4b5248528ae3d01e0e8ae071462c250c884dc16e3ee3", size = 632510, upload-time = "2026-09-21T09:08:26.532Z" },
    { url = "https://files.pythonhosted.org/packages/48/64/db4a4684275fe9b696ee5118c194705c1423b3d42181c3f8ee70194d5c73/watchfiles-1.3.0-cp310-abi3-musllinux_1_1_x86_64.whl", hash = "sha256:380f513d26cc2e598266b88d66456e07d67ef4be8f0f435a1154d9c44b43d509", size = 661723, upload-time = "2026-09-21T09:08:28.004Z" },
    { url = "https://files.pythonhosted.org/packages/52/80/95ddb24f6a2f595c031c24432ab7b8aa7d6d1ada0c6d63a552166e06e8d1/watchfiles-1.3.0-cp310-abi3-win32.whl", hash = "sha256:509d9f74d2bec5c1f4cd868ddcfe0c9601f7ea53066dfcb19d8ede742c4de661", size = 277761, upload-time = "2026-09-21T09:08:29.335Z" },
    { url = "https://files.pythonhosted.org/packages/48/a1/1c4a1b3c8030cd03206232612be8a6e8799093490c220b0fcb935d02b75a/watchfiles-1.3.0-cp310-abi3-win_amd64.whl", hash = "sha256:1acabde19b67e673274e89a04d613b7fb1f122e2c4b8ec9a581e59c149264b61", size = 290643, upload-time = "2026-09-21T09:08:30.45Z" },
    { url = "https://files.pythonhosted.org/packages/82/e0/d2db577c632d26d08078c4390dd870b8555c4e558df25d22270f0166c71f/watchfiles-1.3.0-cp310-abi3-win_arm64.whl", hash = "sha256:d978cc1dd7ba44f5590d7de74f7a9c8be7262d9e469c2c0efb8bbfc2574321dc", size = 285510, upload-time = "2026-09-21T09:08:31.561Z" },
]

[[package]]
name = "websockets"
version = "17.2"
source = { registry = "https://pypi.org/simple" }
sdist = { url = "https://files.pythonhosted.org/packages/01/89/3f825ab71c242fffb62ea8fe638741c290f62f8d7aadf8125ff897747af3/websockets-17.2.tar.gz", hash = "sha256:36c2fb94c990cc2545143b12690e2de6c16300f9dbe5b4f33fa300cf57dc8792", size = 188355, upload-time = "2026-10-03T14:56:53.5Z" }
wheels = [
    { url = "https://files.pythonhosted.org/packages/54/54/a935a32dbc2e7365b1b59eb74b5ab7515456f02370fdca4c4efc3574e96f/websockets-17.2-cp313-cp313-macosx_10_13_universal2.whl", hash = "sha256:b24b83fbb34b2d8de06cf0f0d4bd7737344ef854482a614826d4356c0c3f0c12", size = 217752, upload-time = "2026-10-03T14:53:54.59Z" },
    { url = "https://files.pythonhosted.org/packages/cd/95/cb8881851abe2662730e6c61cc521b4c96513fdf9103a44f169afce2eba8/websockets-17.2-cp313-cp313-macosx_10_13_x86_64.whl", hash = "sha256:8a829db795e3f87053904493d184b185c8eb1f497c852f434168ec856aa6f997", size = 215436, upload-time = "2026-10-03T14:53:56.034Z" },
    { url = "https://files.pythonhosted.org/packages/ca/1e/621bb93f35ab7d337be98f1958294437527e2a1797089b5e734ddc5eec5f/websockets-17.2-cp313-cp313-macosx_11_0_arm64.whl", hash = "sha256:cf8811d285acc91216368df7fb55cc8c9bf6fcd90eea42429c7186c7385a12b9", size = 215690, upload-time = "2026-10-03T14:53:57.587Z" },
    { url = "https://files.pythonhosted.org/packages/62/4a/49d0c983c082676d5d413b28e6ba5ae1d174c00268467bf78d9fe986a2d2/websockets-17.2-cp313-cp313-manylinux1_i686.manylinux_2_28_i686.manylinux_2_5_i686.whl", hash = "sha256:89c4898da776193577279173dcf9860487590611d7320d379435a145881b048d", size = 225080, upload-time = "2026-10-03T14:53:59.081Z" },
    { url = "https://files.pythonhosted.org/packages/04/13/95a45eb410019772002d8f53d81396dad4120f7df39ca9962f86f5d7cd01/websockets-17.2-cp313-cp313-manylinux1_x86_64.manylinux_2_28_x86_64.manylinux_2_5_x86_64.whl", hash = "sha256:d87091c4347daadbcc0833b65812ff38d7350c67339625d4e4a512cf38e3e8ef", size = 225361, upload-time = "2026-10-03T14:54:00.61Z" },
    { url = "https://files.pythonhosted.org/packages/f8/fe/0f0eda80bb441f54becdaf793eb20ee080926f8d2356388377cf262187e5/websockets-17.2-cp313-cp313-manylinux2014_aarch64.manylinux_2_17_aarch64.manylinux_2_28_aarch64.whl", hash = "sha256:1110fbfd530c447380e6e6db88b7e43ffe33d54178f5b0ff0aaa5a280301e668", size = 226602, upload-time = "2026-10-03T14:54:02.098Z" },
    { url = "https://files.pythonhosted.org/packages/5c/36/067fc09d8e6f154abde7c2f747c52cc442a02c5eb14816f5c39cb9f8bcc6/websockets-17.2-cp313-cp313-manylinux2014_armv7l.manylinux_2_17_armv7l.manylinux_2_31_armv7l.whl", hash = "sha256:83abd8beab056aa77a116364811f8fc262dffbcc7abea48de0c85ccbfc6f1428", size = 228035, upload-time = "2026-10-03T14:54:03.545Z" },
    { url = "https://files.pythonhosted.org/packages/4f/a2/939bade7a396b4c381aebbf3941969f124d0f98d56753f81cd256f3fc4d6/websockets-17.2-cp313-cp313-manylinux2014_ppc64le.manylinux_2_17_ppc64le.manylinux_2_28_ppc64le.whl", hash = "sha256:876da8ca5520d65b5d0f2ca6b4e7a00d35bb90ccda35cb2ce3cda4b6c711e84a", size = 227227, upload-time = "2026-10-03T14:54:05.045Z" },
    { url = "https://files.pythonhosted.org/packages/e5/8a/37b1033e21709dd7fa39239ea4d9cd7f348ad5bcba94eb47253878576f8a/websockets-17.2-cp313-cp313-manylinux2014_s390x.manylinux_2_17_s390x.manylinux_2_28_s390x.whl", hash = "sha256:8462395df8f224d2daa3d80db3ae4450d9d4b7243c8483ac79a82862f1599dd6", size = 225985, upload-time = "2026-10-03T14:54:06.81Z" },
    { url = "https://files.pythonhosted.org/packages/a0/3a/0d89539900b06d86366facb7558198046de125ab8c371d9248d6262da70d/websockets-17.2-cp313-cp313-manylinux_2_31_riscv64.manylinux_2_39_riscv64.whl", hash = "sha256:6e9a04e69456015e6ae5e0d486d995137fd435794442122b00ce5f9526ea3ba8", size = 223226, upload-time = "2026-10-03T14:54:08.583Z" },
    { url = "https://files.pythonhosted.org/packages/31/9a/bfc5633e3d538d0a71cfbe7a5fee56c712e16c2dbd0ce17c83196a2a96a9/websockets-17.2-cp313-cp313-musllinux_1_2_aarch64.whl", hash = "sha256:8a2321bcb73758c44c8076509024d02c15ee484fe77ce04edea4bf4d257492cc", size = 226042, upload-time = "2026-10-03T14:54:10.254Z" },
    { url = "https://files.pythonhosted.org/packages/bb/1f/cbaf1786d8e3aeafe9d76951fc01139ec353b92555580336f23669382a55/websockets-17.2-cp313-cp313-musllinux_1_2_armv7l.whl", hash = "sha256:8be4a87b3baca380ec3c7b1643b2dd268ac9d42c5097c0e8dc9a49342faf4774", size = 224639, upload-time = "2026-10-03T14:54:11.911Z" },
    { url = "https://files.pythonhosted.org/packages/80/49/175faa5bd169486f835602ac0ae6303318aa65693b79cdc72c5ee53b148d/websockets-17.2-cp313-cp313-musllinux_1_2_i686.whl", hash = "sha256:eb7b737ce8d18c8a08beb68f751572b7bf6a18093ecd1406ca1256b50592552e", size = 225407, upload-time = "2026-10-03T14:54:13.489Z" },
    { url = "https://files.pythonhosted.org/packages/ac/d1/3662f612456cfb2dcc128c8e596f0a55fb7b695025e2ebe8ba2abb355c3b/websockets-17.2-cp313-cp313-musllinux_1_2_ppc64le.whl", hash = "sha256:d6605630c2808b33f362d6d08582e79821f77ed2bd3f49f9d467ea70defea06d", size = 226513, upload-time = "2026-10-03T14:54:15.046Z" },
    { url = "https://files.pythonhosted.org/packages/73/6b/07af5177a49e30156b0922556fa93624a920a2b17d3e63bf4ad94668112c/websockets-17.2-cp313-cp313-musllinux_1_2_riscv64.whl", hash = "sha256:dd9252828073fd0d69e7667af4275a1b17c18d0833b1ab7f59db272f194a6b9a", size = 224072, upload-time = "2026-10-03T14:54:16.574Z" },
    { url = "https://files.pythonhosted.org/packages/eb/34/d18054ff4d8314524164f8b8efec2cb17627287e099f122c28ed6fa598e0/websockets-17.2-cp313-cp313-musllinux_1_2_s390x.whl", hash = "sha256:06c7386128a9d85de4e1960114604f3031c084d2f4eee8db382637f1634cbab1", size = 225022, upload-time = "2026-10-03T14:54:18.143Z" },
    { url = "https://files.pythonhosted.org/packages/e9/12/75433caa3e9fa3e51d7751dc6bad24a86addf76cbfb51e52b11d037ba7fd/websockets-17.2-cp313-cp313-musllinux_1_2_x86_64.whl", hash = "sha256:98f2d03df74977fd252831c997c388cd6c3f691a8a9d022b266d3cbd9849838f", size = 225303, upload-time = "2026-10-03T14:54:19.679Z" },
    { url = "https://files.pythonhosted.org/packages/6f/de/23e21c002aa2786ac9807c0876faa3b2576493b29ca3386287b0db46f021/websockets-17.2-cp313-cp313-win32.whl", hash = "sha256:5b43a1f7e4853ce08c3f6d3bf69799ee5b46548bfb71792a8158f7e45d66b547", size = 218219, upload-time = "2026-10-03T14:54:21.232Z" },
    { url = "https://files.pythonhosted.org/packages/13/eb/960411c0c574535d629c16e96a2b4e5353dbe4109df8ecea859e1b5245ee/websockets-17.2-cp313-cp313-win_amd64.whl", hash = "sha256:27c7a59b5352a8f741b422820adfe89dfe47c8f2d84fb32111e76111edaa0e83", size = 218531, upload-time = "2026-10-03T14:54:23.025Z" },
    { url = "https://files.pythonhosted.org/packages/a0/1a/3ac07bb52378952eff1d52d04a7ee6e82ce84e3da319a52a4739cd9c78f5/websockets-17.2-cp313-cp313-win_arm64.whl", hash = "sha256:533b7c82bb1eafbeb921dfe131c9f88e55451ddc328d84bde1c9340ba72d2808", size = 218466, upload-time = "2026-10-03T14:54:24.857Z" },
    { url = "https://files.pythonhosted.org/packages/8a/58/835cd51934d6780fa586f275b5d9901eead6d81569b4343b3767cdbaae4c/websockets-17.2-py3-none-any.whl", hash = "sha256:6aa59f0ef92e796b2db6f5f26550c4713c0e4036899fadf02f55e2ed4db0b7ae", size = 211883, upload-time = "2026-10-03T14:56:51.898Z" },
]
